
Microsoft Visual Studio Solution File, Format Version 12.00
# Visual Studio 14
VisualStudioVersion = 14.0.25420.1
MinimumVisualStudioVersion = 10.0.40219.1
Project("{FAE04EC0-301F-11D3-BF4B-00C04F79EFBC}") = "EmotionsSales.Droid", "EmotionsSales\EmotionsSales.Droid\EmotionsSales.Droid.csproj", "{9E8E6BF3-C247-4829-859A-C5650F603D09}"
EndProject
Project("{FAE04EC0-301F-11D3-BF4B-00C04F79EFBC}") = "EmotionsSales.iOS", "EmotionsSales\EmotionsSales.iOS\EmotionsSales.iOS.csproj", "{7B609AB3-CBF2-4C66-91DB-952A2855E7CB}"
EndProject
Project("{FAE04EC0-301F-11D3-BF4B-00C04F79EFBC}") = "EmotionsSales.WinPhone", "EmotionsSales\EmotionsSales.WinPhone\EmotionsSales.WinPhone.csproj", "{C9732963-F352-4780-AB3A-068DC5255E1E}"
EndProject
Project("{FAE04EC0-301F-11D3-BF4B-00C04F79EFBC}") = "EmotionsSales.UWP", "EmotionsSales\EmotionsSales.UWP\EmotionsSales.UWP.csproj", "{D0009245-D36F-4AB6-8245-1F5C1F8C5382}"
EndProject
Project("{FAE04EC0-301F-11D3-BF4B-00C04F79EFBC}") = "EmotionsSales.Windows", "EmotionsSales\EmotionsSales.Windows\EmotionsSales.Windows.csproj", "{DE9BAB0A-DF7D-472D-85C5-E0BD8C07FA4A}"
EndProject
Project("{D954291E-2A0B-460D-934E-DC6B0785DB48}") = "EmotionsSales", "EmotionsSales\EmotionsSales\EmotionsSales.shproj", "{343507B5-EE2D-4E14-8DC8-1124D190625C}"
EndProject
Global
	GlobalSection(SharedMSBuildProjectFiles) = preSolution
		EmotionsSales\EmotionsSales\EmotionsSales.projitems*{343507b5-ee2d-4e14-8dc8-1124d190625c}*SharedItemsImports = 13
		EmotionsSales\EmotionsSales\EmotionsSales.projitems*{7b609ab3-cbf2-4c66-91db-952a2855e7cb}*SharedItemsImports = 4
		EmotionsSales\EmotionsSales\EmotionsSales.projitems*{9e8e6bf3-c247-4829-859a-c5650f603d09}*SharedItemsImports = 4
		EmotionsSales\EmotionsSales\EmotionsSales.projitems*{c9732963-f352-4780-ab3a-068dc5255e1e}*SharedItemsImports = 4
		EmotionsSales\EmotionsSales\EmotionsSales.projitems*{d0009245-d36f-4ab6-8245-1f5c1f8c5382}*SharedItemsImports = 4
		EmotionsSales\EmotionsSales\EmotionsSales.projitems*{de9bab0a-df7d-472d-85c5-e0bd8c07fa4a}*SharedItemsImports = 4
	EndGlobalSection
	GlobalSection(SolutionConfigurationPlatforms) = preSolution
		Ad-Hoc|Any CPU = Ad-Hoc|Any CPU
		Ad-Hoc|ARM = Ad-Hoc|ARM
		Ad-Hoc|iPhone = Ad-Hoc|iPhone
		Ad-Hoc|iPhoneSimulator = Ad-Hoc|iPhoneSimulator
		Ad-Hoc|x64 = Ad-Hoc|x64
		Ad-Hoc|x86 = Ad-Hoc|x86
		AppStore|Any CPU = AppStore|Any CPU
		AppStore|ARM = AppStore|ARM
		AppStore|iPhone = AppStore|iPhone
		AppStore|iPhoneSimulator = AppStore|iPhoneSimulator
		AppStore|x64 = AppStore|x64
		AppStore|x86 = AppStore|x86
		Debug|Any CPU = Debug|Any CPU
		Debug|ARM = Debug|ARM
		Debug|iPhone = Debug|iPhone
		Debug|iPhoneSimulator = Debug|iPhoneSimulator
		Debug|x64 = Debug|x64
		Debug|x86 = Debug|x86
		Release|Any CPU = Release|Any CPU
		Release|ARM = Release|ARM
		Release|iPhone = Release|iPhone
		Release|iPhoneSimulator = Release|iPhoneSimulator
		Release|x64 = Release|x64
		Release|x86 = Release|x86
	EndGlobalSection
	GlobalSection(ProjectConfigurationPlatforms) = postSolution
		{9E8E6BF3-C247-4829-859A-C5650F603D09}.Ad-Hoc|Any CPU.ActiveCfg = Release|Any CPU
		{9E8E6BF3-C247-4829-859A-C5650F603D09}.Ad-Hoc|Any CPU.Build.0 = Release|Any CPU
		{9E8E6BF3-C247-4829-859A-C5650F603D09}.Ad-Hoc|Any CPU.Deploy.0 = Release|Any CPU
		{9E8E6BF3-C247-4829-859A-C5650F603D09}.Ad-Hoc|ARM.ActiveCfg = Release|Any CPU
		{9E8E6BF3-C247-4829-859A-C5650F603D09}.Ad-Hoc|ARM.Build.0 = Release|Any CPU
		{9E8E6BF3-C247-4829-859A-C5650F603D09}.Ad-Hoc|ARM.Deploy.0 = Release|Any CPU
		{9E8E6BF3-C247-4829-859A-C5650F603D09}.Ad-Hoc|iPhone.ActiveCfg = Release|Any CPU
		{9E8E6BF3-C247-4829-859A-C5650F603D09}.Ad-Hoc|iPhone.Build.0 = Release|Any CPU
		{9E8E6BF3-C247-4829-859A-C5650F603D09}.Ad-Hoc|iPhone.Deploy.0 = Release|Any CPU
		{9E8E6BF3-C247-4829-859A-C5650F603D09}.Ad-Hoc|iPhoneSimulator.ActiveCfg = Release|Any CPU
		{9E8E6BF3-C247-4829-859A-C5650F603D09}.Ad-Hoc|iPhoneSimulator.Build.0 = Release|Any CPU
		{9E8E6BF3-C247-4829-859A-C5650F603D09}.Ad-Hoc|iPhoneSimulator.Deploy.0 = Release|Any CPU
		{9E8E6BF3-C247-4829-859A-C5650F603D09}.Ad-Hoc|x64.ActiveCfg = Release|Any CPU
		{9E8E6BF3-C247-4829-859A-C5650F603D09}.Ad-Hoc|x64.Build.0 = Release|Any CPU
		{9E8E6BF3-C247-4829-859A-C5650F603D09}.Ad-Hoc|x64.Deploy.0 = Release|Any CPU
		{9E8E6BF3-C247-4829-859A-C5650F603D09}.Ad-Hoc|x86.ActiveCfg = Release|Any CPU
		{9E8E6BF3-C247-4829-859A-C5650F603D09}.Ad-Hoc|x86.Build.0 = Release|Any CPU
		{9E8E6BF3-C247-4829-859A-C5650F603D09}.Ad-Hoc|x86.Deploy.0 = Release|Any CPU
		{9E8E6BF3-C247-4829-859A-C5650F603D09}.AppStore|Any CPU.ActiveCfg = Release|Any CPU
		{9E8E6BF3-C247-4829-859A-C5650F603D09}.AppStore|Any CPU.Build.0 = Release|Any CPU
		{9E8E6BF3-C247-4829-859A-C5650F603D09}.AppStore|Any CPU.Deploy.0 = Release|Any CPU
		{9E8E6BF3-C247-4829-859A-C5650F603D09}.AppStore|ARM.ActiveCfg = Release|Any CPU
		{9E8E6BF3-C247-4829-859A-C5650F603D09}.AppStore|ARM.Build.0 = Release|Any CPU
		{9E8E6BF3-C247-4829-859A-C5650F603D09}.AppStore|ARM.Deploy.0 = Release|Any CPU
		{9E8E6BF3-C247-4829-859A-C5650F603D09}.AppStore|iPhone.ActiveCfg = Release|Any CPU
		{9E8E6BF3-C247-4829-859A-C5650F603D09}.AppStore|iPhone.Build.0 = Release|Any CPU
		{9E8E6BF3-C247-4829-859A-C5650F603D09}.AppStore|iPhone.Deploy.0 = Release|Any CPU
		{9E8E6BF3-C247-4829-859A-C5650F603D09}.AppStore|iPhoneSimulator.ActiveCfg = Release|Any CPU
		{9E8E6BF3-C247-4829-859A-C5650F603D09}.AppStore|iPhoneSimulator.Build.0 = Release|Any CPU
		{9E8E6BF3-C247-4829-859A-C5650F603D09}.AppStore|iPhoneSimulator.Deploy.0 = Release|Any CPU
		{9E8E6BF3-C247-4829-859A-C5650F603D09}.AppStore|x64.ActiveCfg = Release|Any CPU
		{9E8E6BF3-C247-4829-859A-C5650F603D09}.AppStore|x64.Build.0 = Release|Any CPU
		{9E8E6BF3-C247-4829-859A-C5650F603D09}.AppStore|x64.Deploy.0 = Release|Any CPU
		{9E8E6BF3-C247-4829-859A-C5650F603D09}.AppStore|x86.ActiveCfg = Release|Any CPU
		{9E8E6BF3-C247-4829-859A-C5650F603D09}.AppStore|x86.Build.0 = Release|Any CPU
		{9E8E6BF3-C247-4829-859A-C5650F603D09}.AppStore|x86.Deploy.0 = Release|Any CPU
		{9E8E6BF3-C247-4829-859A-C5650F603D09}.Debug|Any CPU.ActiveCfg = Debug|Any CPU
		{9E8E6BF3-C247-4829-859A-C5650F603D09}.Debug|Any CPU.Build.0 = Debug|Any CPU
		{9E8E6BF3-C247-4829-859A-C5650F603D09}.Debug|Any CPU.Deploy.0 = Debug|Any CPU
		{9E8E6BF3-C247-4829-859A-C5650F603D09}.Debug|ARM.ActiveCfg = Debug|Any CPU
		{9E8E6BF3-C247-4829-859A-C5650F603D09}.Debug|ARM.Build.0 = Debug|Any CPU
		{9E8E6BF3-C247-4829-859A-C5650F603D09}.Debug|ARM.Deploy.0 = Debug|Any CPU
		{9E8E6BF3-C247-4829-859A-C5650F603D09}.Debug|iPhone.ActiveCfg = Debug|Any CPU
		{9E8E6BF3-C247-4829-859A-C5650F603D09}.Debug|iPhone.Build.0 = Debug|Any CPU
		{9E8E6BF3-C247-4829-859A-C5650F603D09}.Debug|iPhone.Deploy.0 = Debug|Any CPU
		{9E8E6BF3-C247-4829-859A-C5650F603D09}.Debug|iPhoneSimulator.ActiveCfg = Debug|Any CPU
		{9E8E6BF3-C247-4829-859A-C5650F603D09}.Debug|iPhoneSimulator.Build.0 = Debug|Any CPU
		{9E8E6BF3-C247-4829-859A-C5650F603D09}.Debug|iPhoneSimulator.Deploy.0 = Debug|Any CPU
		{9E8E6BF3-C247-4829-859A-C5650F603D09}.Debug|x64.ActiveCfg = Debug|Any CPU
		{9E8E6BF3-C247-4829-859A-C5650F603D09}.Debug|x64.Build.0 = Debug|Any CPU
		{9E8E6BF3-C247-4829-859A-C5650F603D09}.Debug|x64.Deploy.0 = Debug|Any CPU
		{9E8E6BF3-C247-4829-859A-C5650F603D09}.Debug|x86.ActiveCfg = Debug|Any CPU
		{9E8E6BF3-C247-4829-859A-C5650F603D09}.Debug|x86.Build.0 = Debug|Any CPU
		{9E8E6BF3-C247-4829-859A-C5650F603D09}.Debug|x86.Deploy.0 = Debug|Any CPU
		{9E8E6BF3-C247-4829-859A-C5650F603D09}.Release|Any CPU.ActiveCfg = Release|Any CPU
		{9E8E6BF3-C247-4829-859A-C5650F603D09}.Release|Any CPU.Build.0 = Release|Any CPU
		{9E8E6BF3-C247-4829-859A-C5650F603D09}.Release|Any CPU.Deploy.0 = Release|Any CPU
		{9E8E6BF3-C247-4829-859A-C5650F603D09}.Release|ARM.ActiveCfg = Release|Any CPU
		{9E8E6BF3-C247-4829-859A-C5650F603D09}.Release|ARM.Build.0 = Release|Any CPU
		{9E8E6BF3-C247-4829-859A-C5650F603D09}.Release|ARM.Deploy.0 = Release|Any CPU
		{9E8E6BF3-C247-4829-859A-C5650F603D09}.Release|iPhone.ActiveCfg = Release|Any CPU
		{9E8E6BF3-C247-4829-859A-C5650F603D09}.Release|iPhone.Build.0 = Release|Any CPU
		{9E8E6BF3-C247-4829-859A-C5650F603D09}.Release|iPhone.Deploy.0 = Release|Any CPU
		{9E8E6BF3-C247-4829-859A-C5650F603D09}.Release|iPhoneSimulator.ActiveCfg = Release|Any CPU
		{9E8E6BF3-C247-4829-859A-C5650F603D09}.Release|iPhoneSimulator.Build.0 = Release|Any CPU
		{9E8E6BF3-C247-4829-859A-C5650F603D09}.Release|iPhoneSimulator.Deploy.0 = Release|Any CPU
		{9E8E6BF3-C247-4829-859A-C5650F603D09}.Release|x64.ActiveCfg = Release|Any CPU
		{9E8E6BF3-C247-4829-859A-C5650F603D09}.Release|x64.Build.0 = Release|Any CPU
		{9E8E6BF3-C247-4829-859A-C5650F603D09}.Release|x64.Deploy.0 = Release|Any CPU
		{9E8E6BF3-C247-4829-859A-C5650F603D09}.Release|x86.ActiveCfg = Release|Any CPU
		{9E8E6BF3-C247-4829-859A-C5650F603D09}.Release|x86.Build.0 = Release|Any CPU
		{9E8E6BF3-C247-4829-859A-C5650F603D09}.Release|x86.Deploy.0 = Release|Any CPU
		{7B609AB3-CBF2-4C66-91DB-952A2855E7CB}.Ad-Hoc|Any CPU.ActiveCfg = Ad-Hoc|iPhone
		{7B609AB3-CBF2-4C66-91DB-952A2855E7CB}.Ad-Hoc|ARM.ActiveCfg = Ad-Hoc|iPhone
		{7B609AB3-CBF2-4C66-91DB-952A2855E7CB}.Ad-Hoc|iPhone.ActiveCfg = Ad-Hoc|iPhone
		{7B609AB3-CBF2-4C66-91DB-952A2855E7CB}.Ad-Hoc|iPhone.Build.0 = Ad-Hoc|iPhone
		{7B609AB3-CBF2-4C66-91DB-952A2855E7CB}.Ad-Hoc|iPhoneSimulator.ActiveCfg = Ad-Hoc|iPhoneSimulator
		{7B609AB3-CBF2-4C66-91DB-952A2855E7CB}.Ad-Hoc|iPhoneSimulator.Build.0 = Ad-Hoc|iPhoneSimulator
		{7B609AB3-CBF2-4C66-91DB-952A2855E7CB}.Ad-Hoc|x64.ActiveCfg = Ad-Hoc|iPhone
		{7B609AB3-CBF2-4C66-91DB-952A2855E7CB}.Ad-Hoc|x86.ActiveCfg = Ad-Hoc|iPhone
		{7B609AB3-CBF2-4C66-91DB-952A2855E7CB}.AppStore|Any CPU.ActiveCfg = AppStore|iPhone
		{7B609AB3-CBF2-4C66-91DB-952A2855E7CB}.AppStore|ARM.ActiveCfg = AppStore|iPhone
		{7B609AB3-CBF2-4C66-91DB-952A2855E7CB}.AppStore|iPhone.ActiveCfg = AppStore|iPhone
		{7B609AB3-CBF2-4C66-91DB-952A2855E7CB}.AppStore|iPhone.Build.0 = AppStore|iPhone
		{7B609AB3-CBF2-4C66-91DB-952A2855E7CB}.AppStore|iPhoneSimulator.ActiveCfg = AppStore|iPhoneSimulator
		{7B609AB3-CBF2-4C66-91DB-952A2855E7CB}.AppStore|iPhoneSimulator.Build.0 = AppStore|iPhoneSimulator
		{7B609AB3-CBF2-4C66-91DB-952A2855E7CB}.AppStore|x64.ActiveCfg = AppStore|iPhone
		{7B609AB3-CBF2-4C66-91DB-952A2855E7CB}.AppStore|x86.ActiveCfg = AppStore|iPhone
		{7B609AB3-CBF2-4C66-91DB-952A2855E7CB}.Debug|Any CPU.ActiveCfg = Debug|iPhone
		{7B609AB3-CBF2-4C66-91DB-952A2855E7CB}.Debug|ARM.ActiveCfg = Debug|iPhone
		{7B609AB3-CBF2-4C66-91DB-952A2855E7CB}.Debug|iPhone.ActiveCfg = Debug|iPhone
		{7B609AB3-CBF2-4C66-91DB-952A2855E7CB}.Debug|iPhone.Build.0 = Debug|iPhone
		{7B609AB3-CBF2-4C66-91DB-952A2855E7CB}.Debug|iPhoneSimulator.ActiveCfg = Debug|iPhoneSimulator
		{7B609AB3-CBF2-4C66-91DB-952A2855E7CB}.Debug|iPhoneSimulator.Build.0 = Debug|iPhoneSimulator
		{7B609AB3-CBF2-4C66-91DB-952A2855E7CB}.Debug|x64.ActiveCfg = Debug|iPhone
		{7B609AB3-CBF2-4C66-91DB-952A2855E7CB}.Debug|x86.ActiveCfg = Debug|iPhone
		{7B609AB3-CBF2-4C66-91DB-952A2855E7CB}.Release|Any CPU.ActiveCfg = Release|iPhone
		{7B609AB3-CBF2-4C66-91DB-952A2855E7CB}.Release|ARM.ActiveCfg = Release|iPhone
		{7B609AB3-CBF2-4C66-91DB-952A2855E7CB}.Release|iPhone.ActiveCfg = Release|iPhone
		{7B609AB3-CBF2-4C66-91DB-952A2855E7CB}.Release|iPhone.Build.0 = Release|iPhone
		{7B609AB3-CBF2-4C66-91DB-952A2855E7CB}.Release|iPhoneSimulator.ActiveCfg = Release|iPhoneSimulator
		{7B609AB3-CBF2-4C66-91DB-952A2855E7CB}.Release|iPhoneSimulator.Build.0 = Release|iPhoneSimulator
		{7B609AB3-CBF2-4C66-91DB-952A2855E7CB}.Release|x64.ActiveCfg = Release|iPhone
		{7B609AB3-CBF2-4C66-91DB-952A2855E7CB}.Release|x86.ActiveCfg = Release|iPhone
		{C9732963-F352-4780-AB3A-068DC5255E1E}.Ad-Hoc|Any CPU.ActiveCfg = Release|Any CPU
		{C9732963-F352-4780-AB3A-068DC5255E1E}.Ad-Hoc|Any CPU.Build.0 = Release|Any CPU
		{C9732963-F352-4780-AB3A-068DC5255E1E}.Ad-Hoc|Any CPU.Deploy.0 = Release|Any CPU
		{C9732963-F352-4780-AB3A-068DC5255E1E}.Ad-Hoc|ARM.ActiveCfg = Release|ARM
		{C9732963-F352-4780-AB3A-068DC5255E1E}.Ad-Hoc|ARM.Build.0 = Release|ARM
		{C9732963-F352-4780-AB3A-068DC5255E1E}.Ad-Hoc|ARM.Deploy.0 = Release|ARM
		{C9732963-F352-4780-AB3A-068DC5255E1E}.Ad-Hoc|iPhone.ActiveCfg = Release|Any CPU
		{C9732963-F352-4780-AB3A-068DC5255E1E}.Ad-Hoc|iPhone.Build.0 = Release|Any CPU
		{C9732963-F352-4780-AB3A-068DC5255E1E}.Ad-Hoc|iPhone.Deploy.0 = Release|Any CPU
		{C9732963-F352-4780-AB3A-068DC5255E1E}.Ad-Hoc|iPhoneSimulator.ActiveCfg = Release|Any CPU
		{C9732963-F352-4780-AB3A-068DC5255E1E}.Ad-Hoc|iPhoneSimulator.Build.0 = Release|Any CPU
		{C9732963-F352-4780-AB3A-068DC5255E1E}.Ad-Hoc|iPhoneSimulator.Deploy.0 = Release|Any CPU
		{C9732963-F352-4780-AB3A-068DC5255E1E}.Ad-Hoc|x64.ActiveCfg = Release|Any CPU
		{C9732963-F352-4780-AB3A-068DC5255E1E}.Ad-Hoc|x64.Build.0 = Release|Any CPU
		{C9732963-F352-4780-AB3A-068DC5255E1E}.Ad-Hoc|x64.Deploy.0 = Release|Any CPU
		{C9732963-F352-4780-AB3A-068DC5255E1E}.Ad-Hoc|x86.ActiveCfg = Release|x86
		{C9732963-F352-4780-AB3A-068DC5255E1E}.Ad-Hoc|x86.Build.0 = Release|x86
		{C9732963-F352-4780-AB3A-068DC5255E1E}.Ad-Hoc|x86.Deploy.0 = Release|x86
		{C9732963-F352-4780-AB3A-068DC5255E1E}.AppStore|Any CPU.ActiveCfg = Release|Any CPU
		{C9732963-F352-4780-AB3A-068DC5255E1E}.AppStore|Any CPU.Build.0 = Release|Any CPU
		{C9732963-F352-4780-AB3A-068DC5255E1E}.AppStore|Any CPU.Deploy.0 = Release|Any CPU
		{C9732963-F352-4780-AB3A-068DC5255E1E}.AppStore|ARM.ActiveCfg = Release|ARM
		{C9732963-F352-4780-AB3A-068DC5255E1E}.AppStore|ARM.Build.0 = Release|ARM
		{C9732963-F352-4780-AB3A-068DC5255E1E}.AppStore|ARM.Deploy.0 = Release|ARM
		{C9732963-F352-4780-AB3A-068DC5255E1E}.AppStore|iPhone.ActiveCfg = Release|Any CPU
		{C9732963-F352-4780-AB3A-068DC5255E1E}.AppStore|iPhone.Build.0 = Release|Any CPU
		{C9732963-F352-4780-AB3A-068DC5255E1E}.AppStore|iPhone.Deploy.0 = Release|Any CPU
		{C9732963-F352-4780-AB3A-068DC5255E1E}.AppStore|iPhoneSimulator.ActiveCfg = Release|Any CPU
		{C9732963-F352-4780-AB3A-068DC5255E1E}.AppStore|iPhoneSimulator.Build.0 = Release|Any CPU
		{C9732963-F352-4780-AB3A-068DC5255E1E}.AppStore|iPhoneSimulator.Deploy.0 = Release|Any CPU
		{C9732963-F352-4780-AB3A-068DC5255E1E}.AppStore|x64.ActiveCfg = Release|Any CPU
		{C9732963-F352-4780-AB3A-068DC5255E1E}.AppStore|x64.Build.0 = Release|Any CPU
		{C9732963-F352-4780-AB3A-068DC5255E1E}.AppStore|x64.Deploy.0 = Release|Any CPU
		{C9732963-F352-4780-AB3A-068DC5255E1E}.AppStore|x86.ActiveCfg = Release|x86
		{C9732963-F352-4780-AB3A-068DC5255E1E}.AppStore|x86.Build.0 = Release|x86
		{C9732963-F352-4780-AB3A-068DC5255E1E}.AppStore|x86.Deploy.0 = Release|x86
		{C9732963-F352-4780-AB3A-068DC5255E1E}.Debug|Any CPU.ActiveCfg = Debug|Any CPU
		{C9732963-F352-4780-AB3A-068DC5255E1E}.Debug|Any CPU.Build.0 = Debug|Any CPU
		{C9732963-F352-4780-AB3A-068DC5255E1E}.Debug|Any CPU.Deploy.0 = Debug|Any CPU
		{C9732963-F352-4780-AB3A-068DC5255E1E}.Debug|ARM.ActiveCfg = Debug|ARM
		{C9732963-F352-4780-AB3A-068DC5255E1E}.Debug|ARM.Build.0 = Debug|ARM
		{C9732963-F352-4780-AB3A-068DC5255E1E}.Debug|ARM.Deploy.0 = Debug|ARM
		{C9732963-F352-4780-AB3A-068DC5255E1E}.Debug|iPhone.ActiveCfg = Debug|Any CPU
		{C9732963-F352-4780-AB3A-068DC5255E1E}.Debug|iPhone.Build.0 = Debug|Any CPU
		{C9732963-F352-4780-AB3A-068DC5255E1E}.Debug|iPhone.Deploy.0 = Debug|Any CPU
		{C9732963-F352-4780-AB3A-068DC5255E1E}.Debug|iPhoneSimulator.ActiveCfg = Debug|Any CPU
		{C9732963-F352-4780-AB3A-068DC5255E1E}.Debug|iPhoneSimulator.Build.0 = Debug|Any CPU
		{C9732963-F352-4780-AB3A-068DC5255E1E}.Debug|iPhoneSimulator.Deploy.0 = Debug|Any CPU
		{C9732963-F352-4780-AB3A-068DC5255E1E}.Debug|x64.ActiveCfg = Debug|Any CPU
		{C9732963-F352-4780-AB3A-068DC5255E1E}.Debug|x64.Build.0 = Debug|Any CPU
		{C9732963-F352-4780-AB3A-068DC5255E1E}.Debug|x64.Deploy.0 = Debug|Any CPU
		{C9732963-F352-4780-AB3A-068DC5255E1E}.Debug|x86.ActiveCfg = Debug|x86
		{C9732963-F352-4780-AB3A-068DC5255E1E}.Debug|x86.Build.0 = Debug|x86
		{C9732963-F352-4780-AB3A-068DC5255E1E}.Debug|x86.Deploy.0 = Debug|x86
		{C9732963-F352-4780-AB3A-068DC5255E1E}.Release|Any CPU.ActiveCfg = Release|Any CPU
		{C9732963-F352-4780-AB3A-068DC5255E1E}.Release|Any CPU.Build.0 = Release|Any CPU
		{C9732963-F352-4780-AB3A-068DC5255E1E}.Release|Any CPU.Deploy.0 = Release|Any CPU
		{C9732963-F352-4780-AB3A-068DC5255E1E}.Release|ARM.ActiveCfg = Release|ARM
		{C9732963-F352-4780-AB3A-068DC5255E1E}.Release|ARM.Build.0 = Release|ARM
		{C9732963-F352-4780-AB3A-068DC5255E1E}.Release|ARM.Deploy.0 = Release|ARM
		{C9732963-F352-4780-AB3A-068DC5255E1E}.Release|iPhone.ActiveCfg = Release|Any CPU
		{C9732963-F352-4780-AB3A-068DC5255E1E}.Release|iPhone.Build.0 = Release|Any CPU
		{C9732963-F352-4780-AB3A-068DC5255E1E}.Release|iPhone.Deploy.0 = Release|Any CPU
		{C9732963-F352-4780-AB3A-068DC5255E1E}.Release|iPhoneSimulator.ActiveCfg = Release|Any CPU
		{C9732963-F352-4780-AB3A-068DC5255E1E}.Release|iPhoneSimulator.Build.0 = Release|Any CPU
		{C9732963-F352-4780-AB3A-068DC5255E1E}.Release|iPhoneSimulator.Deploy.0 = Release|Any CPU
		{C9732963-F352-4780-AB3A-068DC5255E1E}.Release|x64.ActiveCfg = Release|Any CPU
		{C9732963-F352-4780-AB3A-068DC5255E1E}.Release|x64.Build.0 = Release|Any CPU
		{C9732963-F352-4780-AB3A-068DC5255E1E}.Release|x64.Deploy.0 = Release|Any CPU
		{C9732963-F352-4780-AB3A-068DC5255E1E}.Release|x86.ActiveCfg = Release|x86
		{C9732963-F352-4780-AB3A-068DC5255E1E}.Release|x86.Build.0 = Release|x86
		{C9732963-F352-4780-AB3A-068DC5255E1E}.Release|x86.Deploy.0 = Release|x86
		{D0009245-D36F-4AB6-8245-1F5C1F8C5382}.Ad-Hoc|Any CPU.ActiveCfg = Release|x86
		{D0009245-D36F-4AB6-8245-1F5C1F8C5382}.Ad-Hoc|Any CPU.Build.0 = Release|x86
		{D0009245-D36F-4AB6-8245-1F5C1F8C5382}.Ad-Hoc|Any CPU.Deploy.0 = Release|x86
		{D0009245-D36F-4AB6-8245-1F5C1F8C5382}.Ad-Hoc|ARM.ActiveCfg = Release|ARM
		{D0009245-D36F-4AB6-8245-1F5C1F8C5382}.Ad-Hoc|ARM.Build.0 = Release|ARM
		{D0009245-D36F-4AB6-8245-1F5C1F8C5382}.Ad-Hoc|ARM.Deploy.0 = Release|ARM
		{D0009245-D36F-4AB6-8245-1F5C1F8C5382}.Ad-Hoc|iPhone.ActiveCfg = Release|x86
		{D0009245-D36F-4AB6-8245-1F5C1F8C5382}.Ad-Hoc|iPhone.Build.0 = Release|x86
		{D0009245-D36F-4AB6-8245-1F5C1F8C5382}.Ad-Hoc|iPhone.Deploy.0 = Release|x86
		{D0009245-D36F-4AB6-8245-1F5C1F8C5382}.Ad-Hoc|iPhoneSimulator.ActiveCfg = Release|x86
		{D0009245-D36F-4AB6-8245-1F5C1F8C5382}.Ad-Hoc|iPhoneSimulator.Build.0 = Release|x86
		{D0009245-D36F-4AB6-8245-1F5C1F8C5382}.Ad-Hoc|iPhoneSimulator.Deploy.0 = Release|x86
		{D0009245-D36F-4AB6-8245-1F5C1F8C5382}.Ad-Hoc|x64.ActiveCfg = Release|x64
		{D0009245-D36F-4AB6-8245-1F5C1F8C5382}.Ad-Hoc|x64.Build.0 = Release|x64
		{D0009245-D36F-4AB6-8245-1F5C1F8C5382}.Ad-Hoc|x64.Deploy.0 = Release|x64
		{D0009245-D36F-4AB6-8245-1F5C1F8C5382}.Ad-Hoc|x86.ActiveCfg = Release|x86
		{D0009245-D36F-4AB6-8245-1F5C1F8C5382}.Ad-Hoc|x86.Build.0 = Release|x86
		{D0009245-D36F-4AB6-8245-1F5C1F8C5382}.Ad-Hoc|x86.Deploy.0 = Release|x86
		{D0009245-D36F-4AB6-8245-1F5C1F8C5382}.AppStore|Any CPU.ActiveCfg = Release|x86
		{D0009245-D36F-4AB6-8245-1F5C1F8C5382}.AppStore|Any CPU.Build.0 = Release|x86
		{D0009245-D36F-4AB6-8245-1F5C1F8C5382}.AppStore|Any CPU.Deploy.0 = Release|x86
		{D0009245-D36F-4AB6-8245-1F5C1F8C5382}.AppStore|ARM.ActiveCfg = Release|ARM
		{D0009245-D36F-4AB6-8245-1F5C1F8C5382}.AppStore|ARM.Build.0 = Release|ARM
		{D0009245-D36F-4AB6-8245-1F5C1F8C5382}.AppStore|ARM.Deploy.0 = Release|ARM
		{D0009245-D36F-4AB6-8245-1F5C1F8C5382}.AppStore|iPhone.ActiveCfg = Release|x86
		{D0009245-D36F-4AB6-8245-1F5C1F8C5382}.AppStore|iPhone.Build.0 = Release|x86
		{D0009245-D36F-4AB6-8245-1F5C1F8C5382}.AppStore|iPhone.Deploy.0 = Release|x86
		{D0009245-D36F-4AB6-8245-1F5C1F8C5382}.AppStore|iPhoneSimulator.ActiveCfg = Release|x86
		{D0009245-D36F-4AB6-8245-1F5C1F8C5382}.AppStore|iPhoneSimulator.Build.0 = Release|x86
		{D0009245-D36F-4AB6-8245-1F5C1F8C5382}.AppStore|iPhoneSimulator.Deploy.0 = Release|x86
		{D0009245-D36F-4AB6-8245-1F5C1F8C5382}.AppStore|x64.ActiveCfg = Release|x64
		{D0009245-D36F-4AB6-8245-1F5C1F8C5382}.AppStore|x64.Build.0 = Release|x64
		{D0009245-D36F-4AB6-8245-1F5C1F8C5382}.AppStore|x64.Deploy.0 = Release|x64
		{D0009245-D36F-4AB6-8245-1F5C1F8C5382}.AppStore|x86.ActiveCfg = Release|x86
		{D0009245-D36F-4AB6-8245-1F5C1F8C5382}.AppStore|x86.Build.0 = Release|x86
		{D0009245-D36F-4AB6-8245-1F5C1F8C5382}.AppStore|x86.Deploy.0 = Release|x86
		{D0009245-D36F-4AB6-8245-1F5C1F8C5382}.Debug|Any CPU.ActiveCfg = Debug|x86
		{D0009245-D36F-4AB6-8245-1F5C1F8C5382}.Debug|Any CPU.Build.0 = Debug|x86
		{D0009245-D36F-4AB6-8245-1F5C1F8C5382}.Debug|Any CPU.Deploy.0 = Debug|x86
		{D0009245-D36F-4AB6-8245-1F5C1F8C5382}.Debug|ARM.ActiveCfg = Debug|ARM
		{D0009245-D36F-4AB6-8245-1F5C1F8C5382}.Debug|ARM.Build.0 = Debug|ARM
		{D0009245-D36F-4AB6-8245-1F5C1F8C5382}.Debug|ARM.Deploy.0 = Debug|ARM
		{D0009245-D36F-4AB6-8245-1F5C1F8C5382}.Debug|iPhone.ActiveCfg = Debug|x86
		{D0009245-D36F-4AB6-8245-1F5C1F8C5382}.Debug|iPhoneSimulator.ActiveCfg = Debug|x86
		{D0009245-D36F-4AB6-8245-1F5C1F8C5382}.Debug|x64.ActiveCfg = Debug|x64
		{D0009245-D36F-4AB6-8245-1F5C1F8C5382}.Debug|x64.Build.0 = Debug|x64
		{D0009245-D36F-4AB6-8245-1F5C1F8C5382}.Debug|x64.Deploy.0 = Debug|x64
		{D0009245-D36F-4AB6-8245-1F5C1F8C5382}.Debug|x86.ActiveCfg = Debug|x86
		{D0009245-D36F-4AB6-8245-1F5C1F8C5382}.Debug|x86.Build.0 = Debug|x86
		{D0009245-D36F-4AB6-8245-1F5C1F8C5382}.Debug|x86.Deploy.0 = Debug|x86
		{D0009245-D36F-4AB6-8245-1F5C1F8C5382}.Release|Any CPU.ActiveCfg = Release|x86
		{D0009245-D36F-4AB6-8245-1F5C1F8C5382}.Release|ARM.ActiveCfg = Release|ARM
		{D0009245-D36F-4AB6-8245-1F5C1F8C5382}.Release|ARM.Build.0 = Release|ARM
		{D0009245-D36F-4AB6-8245-1F5C1F8C5382}.Release|ARM.Deploy.0 = Release|ARM
		{D0009245-D36F-4AB6-8245-1F5C1F8C5382}.Release|iPhone.ActiveCfg = Release|x86
		{D0009245-D36F-4AB6-8245-1F5C1F8C5382}.Release|iPhoneSimulator.ActiveCfg = Release|x86
		{D0009245-D36F-4AB6-8245-1F5C1F8C5382}.Release|x64.ActiveCfg = Release|x64
		{D0009245-D36F-4AB6-8245-1F5C1F8C5382}.Release|x64.Build.0 = Release|x64
		{D0009245-D36F-4AB6-8245-1F5C1F8C5382}.Release|x64.Deploy.0 = Release|x64
		{D0009245-D36F-4AB6-8245-1F5C1F8C5382}.Release|x86.ActiveCfg = Release|x86
		{D0009245-D36F-4AB6-8245-1F5C1F8C5382}.Release|x86.Build.0 = Release|x86
		{D0009245-D36F-4AB6-8245-1F5C1F8C5382}.Release|x86.Deploy.0 = Release|x86
		{DE9BAB0A-DF7D-472D-85C5-E0BD8C07FA4A}.Ad-Hoc|Any CPU.ActiveCfg = Release|Any CPU
		{DE9BAB0A-DF7D-472D-85C5-E0BD8C07FA4A}.Ad-Hoc|Any CPU.Build.0 = Release|Any CPU
		{DE9BAB0A-DF7D-472D-85C5-E0BD8C07FA4A}.Ad-Hoc|Any CPU.Deploy.0 = Release|Any CPU
		{DE9BAB0A-DF7D-472D-85C5-E0BD8C07FA4A}.Ad-Hoc|ARM.ActiveCfg = Release|ARM
		{DE9BAB0A-DF7D-472D-85C5-E0BD8C07FA4A}.Ad-Hoc|ARM.Build.0 = Release|ARM
		{DE9BAB0A-DF7D-472D-85C5-E0BD8C07FA4A}.Ad-Hoc|ARM.Deploy.0 = Release|ARM
		{DE9BAB0A-DF7D-472D-85C5-E0BD8C07FA4A}.Ad-Hoc|iPhone.ActiveCfg = Release|Any CPU
		{DE9BAB0A-DF7D-472D-85C5-E0BD8C07FA4A}.Ad-Hoc|iPhone.Build.0 = Release|Any CPU
		{DE9BAB0A-DF7D-472D-85C5-E0BD8C07FA4A}.Ad-Hoc|iPhone.Deploy.0 = Release|Any CPU
		{DE9BAB0A-DF7D-472D-85C5-E0BD8C07FA4A}.Ad-Hoc|iPhoneSimulator.ActiveCfg = Release|Any CPU
		{DE9BAB0A-DF7D-472D-85C5-E0BD8C07FA4A}.Ad-Hoc|iPhoneSimulator.Build.0 = Release|Any CPU
		{DE9BAB0A-DF7D-472D-85C5-E0BD8C07FA4A}.Ad-Hoc|iPhoneSimulator.Deploy.0 = Release|Any CPU
		{DE9BAB0A-DF7D-472D-85C5-E0BD8C07FA4A}.Ad-Hoc|x64.ActiveCfg = Release|x64
		{DE9BAB0A-DF7D-472D-85C5-E0BD8C07FA4A}.Ad-Hoc|x64.Build.0 = Release|x64
		{DE9BAB0A-DF7D-472D-85C5-E0BD8C07FA4A}.Ad-Hoc|x64.Deploy.0 = Release|x64
		{DE9BAB0A-DF7D-472D-85C5-E0BD8C07FA4A}.Ad-Hoc|x86.ActiveCfg = Release|x86
		{DE9BAB0A-DF7D-472D-85C5-E0BD8C07FA4A}.Ad-Hoc|x86.Build.0 = Release|x86
		{DE9BAB0A-DF7D-472D-85C5-E0BD8C07FA4A}.Ad-Hoc|x86.Deploy.0 = Release|x86
		{DE9BAB0A-DF7D-472D-85C5-E0BD8C07FA4A}.AppStore|Any CPU.ActiveCfg = Release|Any CPU
		{DE9BAB0A-DF7D-472D-85C5-E0BD8C07FA4A}.AppStore|Any CPU.Build.0 = Release|Any CPU
		{DE9BAB0A-DF7D-472D-85C5-E0BD8C07FA4A}.AppStore|Any CPU.Deploy.0 = Release|Any CPU
		{DE9BAB0A-DF7D-472D-85C5-E0BD8C07FA4A}.AppStore|ARM.ActiveCfg = Release|ARM
		{DE9BAB0A-DF7D-472D-85C5-E0BD8C07FA4A}.AppStore|ARM.Build.0 = Release|ARM
		{DE9BAB0A-DF7D-472D-85C5-E0BD8C07FA4A}.AppStore|ARM.Deploy.0 = Release|ARM
		{DE9BAB0A-DF7D-472D-85C5-E0BD8C07FA4A}.AppStore|iPhone.ActiveCfg = Release|Any CPU
		{DE9BAB0A-DF7D-472D-85C5-E0BD8C07FA4A}.AppStore|iPhone.Build.0 = Release|Any CPU
		{DE9BAB0A-DF7D-472D-85C5-E0BD8C07FA4A}.AppStore|iPhone.Deploy.0 = Release|Any CPU
		{DE9BAB0A-DF7D-472D-85C5-E0BD8C07FA4A}.AppStore|iPhoneSimulator.ActiveCfg = Release|Any CPU
		{DE9BAB0A-DF7D-472D-85C5-E0BD8C07FA4A}.AppStore|iPhoneSimulator.Build.0 = Release|Any CPU
		{DE9BAB0A-DF7D-472D-85C5-E0BD8C07FA4A}.AppStore|iPhoneSimulator.Deploy.0 = Release|Any CPU
		{DE9BAB0A-DF7D-472D-85C5-E0BD8C07FA4A}.AppStore|x64.ActiveCfg = Release|x64
		{DE9BAB0A-DF7D-472D-85C5-E0BD8C07FA4A}.AppStore|x64.Build.0 = Release|x64
		{DE9BAB0A-DF7D-472D-85C5-E0BD8C07FA4A}.AppStore|x64.Deploy.0 = Release|x64
		{DE9BAB0A-DF7D-472D-85C5-E0BD8C07FA4A}.AppStore|x86.ActiveCfg = Release|x86
		{DE9BAB0A-DF7D-472D-85C5-E0BD8C07FA4A}.AppStore|x86.Build.0 = Release|x86
		{DE9BAB0A-DF7D-472D-85C5-E0BD8C07FA4A}.AppStore|x86.Deploy.0 = Release|x86
		{DE9BAB0A-DF7D-472D-85C5-E0BD8C07FA4A}.Debug|Any CPU.ActiveCfg = Debug|Any CPU
		{DE9BAB0A-DF7D-472D-85C5-E0BD8C07FA4A}.Debug|Any CPU.Build.0 = Debug|Any CPU
		{DE9BAB0A-DF7D-472D-85C5-E0BD8C07FA4A}.Debug|Any CPU.Deploy.0 = Debug|Any CPU
		{DE9BAB0A-DF7D-472D-85C5-E0BD8C07FA4A}.Debug|ARM.ActiveCfg = Debug|ARM
		{DE9BAB0A-DF7D-472D-85C5-E0BD8C07FA4A}.Debug|ARM.Build.0 = Debug|ARM
		{DE9BAB0A-DF7D-472D-85C5-E0BD8C07FA4A}.Debug|ARM.Deploy.0 = Debug|ARM
		{DE9BAB0A-DF7D-472D-85C5-E0BD8C07FA4A}.Debug|iPhone.ActiveCfg = Debug|Any CPU
		{DE9BAB0A-DF7D-472D-85C5-E0BD8C07FA4A}.Debug|iPhone.Build.0 = Debug|Any CPU
		{DE9BAB0A-DF7D-472D-85C5-E0BD8C07FA4A}.Debug|iPhone.Deploy.0 = Debug|Any CPU
		{DE9BAB0A-DF7D-472D-85C5-E0BD8C07FA4A}.Debug|iPhoneSimulator.ActiveCfg = Debug|Any CPU
		{DE9BAB0A-DF7D-472D-85C5-E0BD8C07FA4A}.Debug|iPhoneSimulator.Build.0 = Debug|Any CPU
		{DE9BAB0A-DF7D-472D-85C5-E0BD8C07FA4A}.Debug|iPhoneSimulator.Deploy.0 = Debug|Any CPU
		{DE9BAB0A-DF7D-472D-85C5-E0BD8C07FA4A}.Debug|x64.ActiveCfg = Debug|x64
		{DE9BAB0A-DF7D-472D-85C5-E0BD8C07FA4A}.Debug|x64.Build.0 = Debug|x64
		{DE9BAB0A-DF7D-472D-85C5-E0BD8C07FA4A}.Debug|x64.Deploy.0 = Debug|x64
		{DE9BAB0A-DF7D-472D-85C5-E0BD8C07FA4A}.Debug|x86.ActiveCfg = Debug|x86
		{DE9BAB0A-DF7D-472D-85C5-E0BD8C07FA4A}.Debug|x86.Build.0 = Debug|x86
		{DE9BAB0A-DF7D-472D-85C5-E0BD8C07FA4A}.Debug|x86.Deploy.0 = Debug|x86
		{DE9BAB0A-DF7D-472D-85C5-E0BD8C07FA4A}.Release|Any CPU.ActiveCfg = Release|Any CPU
		{DE9BAB0A-DF7D-472D-85C5-E0BD8C07FA4A}.Release|Any CPU.Build.0 = Release|Any CPU
		{DE9BAB0A-DF7D-472D-85C5-E0BD8C07FA4A}.Release|Any CPU.Deploy.0 = Release|Any CPU
		{DE9BAB0A-DF7D-472D-85C5-E0BD8C07FA4A}.Release|ARM.ActiveCfg = Release|ARM
		{DE9BAB0A-DF7D-472D-85C5-E0BD8C07FA4A}.Release|ARM.Build.0 = Release|ARM
		{DE9BAB0A-DF7D-472D-85C5-E0BD8C07FA4A}.Release|ARM.Deploy.0 = Release|ARM
		{DE9BAB0A-DF7D-472D-85C5-E0BD8C07FA4A}.Release|iPhone.ActiveCfg = Release|Any CPU
		{DE9BAB0A-DF7D-472D-85C5-E0BD8C07FA4A}.Release|iPhone.Build.0 = Release|Any CPU
		{DE9BAB0A-DF7D-472D-85C5-E0BD8C07FA4A}.Release|iPhone.Deploy.0 = Release|Any CPU
		{DE9BAB0A-DF7D-472D-85C5-E0BD8C07FA4A}.Release|iPhoneSimulator.ActiveCfg = Release|Any CPU
		{DE9BAB0A-DF7D-472D-85C5-E0BD8C07FA4A}.Release|iPhoneSimulator.Build.0 = Release|Any CPU
		{DE9BAB0A-DF7D-472D-85C5-E0BD8C07FA4A}.Release|iPhoneSimulator.Deploy.0 = Release|Any CPU
		{DE9BAB0A-DF7D-472D-85C5-E0BD8C07FA4A}.Release|x64.ActiveCfg = Release|x64
		{DE9BAB0A-DF7D-472D-85C5-E0BD8C07FA4A}.Release|x64.Build.0 = Release|x64
		{DE9BAB0A-DF7D-472D-85C5-E0BD8C07FA4A}.Release|x64.Deploy.0 = Release|x64
		{DE9BAB0A-DF7D-472D-85C5-E0BD8C07FA4A}.Release|x86.ActiveCfg = Release|x86
		{DE9BAB0A-DF7D-472D-85C5-E0BD8C07FA4A}.Release|x86.Build.0 = Release|x86
		{DE9BAB0A-DF7D-472D-85C5-E0BD8C07FA4A}.Release|x86.Deploy.0 = Release|x86
	EndGlobalSection
	GlobalSection(SolutionProperties) = preSolution
		HideSolutionNode = FALSE
	EndGlobalSection
EndGlobal
